{
  "name": "denotest",
  "version": "1.0.0",
  "lockfileVersion": 2,
  "requires": true,
  "packages": {
    "": {
      "name": "denotest",
      "version": "1.0.0",
      "license": "ISC",
      "dependencies": {
        "@prisma/client": "^4.4.0-integration-feat-deno-deploy.1"
      },
      "devDependencies": {
        "prisma": "^4.4.0-integration-feat-deno-deploy.1"
      }
    },
    "node_modules/@prisma/client": {
      "version": "4.4.0-integration-feat-deno-deploy.1",
      "resolved": "https://registry.npmjs.org/@prisma/client/-/client-4.4.0-integration-feat-deno-deploy.1.tgz",
      "integrity": "sha512-rU/sIhKUwQaN2jgsukbZGOKzMjiv8JVJqMzMSIBGZE1fRmGOCJlouyDD+mdTb7OjyOa6lhNh4OcHM41WzYzIjg==",
      "hasInstallScript": true,
      "dependencies": {
        "@prisma/engines-version": "4.4.0-4.integration-deno-preview-flag-3c1168fbf77b17ded4f89a480e467eddb5302d77"
      },
      "engines": {
        "node": ">=14.17"
      },
      "peerDependencies": {
        "prisma": "*"
      },
      "peerDependenciesMeta": {
        "prisma": {
          "optional": true
        }
      }
    },
    "node_modules/@prisma/engines": {
      "version": "4.4.0-integration-feat-deno-deploy.1",
      "resolved": "https://registry.npmjs.org/@prisma/engines/-/engines-4.4.0-integration-feat-deno-deploy.1.tgz",
      "integrity": "sha512-KfpMUXb4nU1NyfM07vKYDrxWxINM/UMiBlvM6n99bqua1q2PsQ+c7+7wjksVABGVNRCsplZQ1ab/s2AJZy4zVQ==",
      "devOptional": true,
      "hasInstallScript": true
    },
    "node_modules/@prisma/engines-version": {
      "version": "4.4.0-4.integration-deno-preview-flag-3c1168fbf77b17ded4f89a480e467eddb5302d77",
      "resolved": "https://registry.npmjs.org/@prisma/engines-version/-/engines-version-4.4.0-4.integration-deno-preview-flag-3c1168fbf77b17ded4f89a480e467eddb5302d77.tgz",
      "integrity": "sha512-Ghoztzu/5BQTxrrWKnBJJ2U2K8rVPpFLE6+bmHyzEKbcfcHX9zIlYvcU/GZlr/1OooYfbxjDwoGS8QqlHOEQpg=="
    },
    "node_modules/prisma": {
      "version": "4.4.0-integration-feat-deno-deploy.1",
      "resolved": "https://registry.npmjs.org/prisma/-/prisma-4.4.0-integration-feat-deno-deploy.1.tgz",
      "integrity": "sha512-RZ5nUMp79Yr6ff7Tku8qm5wztAnPO3YVDz9nQc65EAwB2cPuEzyh7Ajhc6pXBWfNZmfBqEDPqpT6kgXypdzLJA==",
      "devOptional": true,
      "hasInstallScript": true,
      "dependencies": {
        "@prisma/engines": "4.4.0-integration-feat-deno-deploy.1"
      },
      "bin": {
        "prisma": "build/index.js",
        "prisma2": "build/index.js"
      },
      "engines": {
        "node": ">=14.17"
      }
    }
  },
  "dependencies": {
    "@prisma/client": {
      "version": "4.4.0-integration-feat-deno-deploy.1",
      "resolved": "https://registry.npmjs.org/@prisma/client/-/client-4.4.0-integration-feat-deno-deploy.1.tgz",
      "integrity": "sha512-rU/sIhKUwQaN2jgsukbZGOKzMjiv8JVJqMzMSIBGZE1fRmGOCJlouyDD+mdTb7OjyOa6lhNh4OcHM41WzYzIjg==",
      "requires": {
        "@prisma/engines-version": "4.4.0-4.integration-deno-preview-flag-3c1168fbf77b17ded4f89a480e467eddb5302d77"
      }
    },
    "@prisma/engines": {
      "version": "4.4.0-integration-feat-deno-deploy.1",
      "resolved": "https://registry.npmjs.org/@prisma/engines/-/engines-4.4.0-integration-feat-deno-deploy.1.tgz",
      "integrity": "sha512-KfpMUXb4nU1NyfM07vKYDrxWxINM/UMiBlvM6n99bqua1q2PsQ+c7+7wjksVABGVNRCsplZQ1ab/s2AJZy4zVQ==",
      "devOptional": true
    },
    "@prisma/engines-version": {
      "version": "4.4.0-4.integration-deno-preview-flag-3c1168fbf77b17ded4f89a480e467eddb5302d77",
      "resolved": "https://registry.npmjs.org/@prisma/engines-version/-/engines-version-4.4.0-4.integration-deno-preview-flag-3c1168fbf77b17ded4f89a480e467eddb5302d77.tgz",
      "integrity": "sha512-Ghoztzu/5BQTxrrWKnBJJ2U2K8rVPpFLE6+bmHyzEKbcfcHX9zIlYvcU/GZlr/1OooYfbxjDwoGS8QqlHOEQpg=="
    },
    "prisma": {
      "version": "4.4.0-integration-feat-deno-deploy.1",
      "resolved": "https://registry.npmjs.org/prisma/-/prisma-4.4.0-integration-feat-deno-deploy.1.tgz",
      "integrity": "sha512-RZ5nUMp79Yr6ff7Tku8qm5wztAnPO3YVDz9nQc65EAwB2cPuEzyh7Ajhc6pXBWfNZmfBqEDPqpT6kgXypdzLJA==",
      "devOptional": true,
      "requires": {
        "@prisma/engines": "4.4.0-integration-feat-deno-deploy.1"
      }
    }
  }
}
